
Microsoft Visual Studio Solution File, Format Version 12.00
# Visual Studio Version 16
VisualStudioVersion = 16.0.30114.105
MinimumVisualStudioVersion = 10.0.40219.1
Project("{FAE04EC0-301F-11D3-BF4B-00C04F79EFBC}") = "muck-shields", "muck-shields.csproj", "{D09B4F3B-0FC3-4571-8785-149EA7E2C110}"
EndProject
Global
	GlobalSection(SolutionConfigurationPlatforms) = preSolution
		Debug|Any CPU = Debug|Any CPU
		Release|Any CPU = Release|Any CPU
	EndGlobalSection
	GlobalSection(SolutionProperties) = preSolution
		HideSolutionNode = FALSE
	EndGlobalSection
	GlobalSection(ProjectConfigurationPlatforms) = postSolution
		{D09B4F3B-0FC3-4571-8785-149EA7E2C110}.Debug|Any CPU.ActiveCfg = Debug|Any CPU
		{D09B4F3B-0FC3-4571-8785-149EA7E2C110}.Debug|Any CPU.Build.0 = Debug|Any CPU
		{D09B4F3B-0FC3-4571-8785-149EA7E2C110}.Release|Any CPU.ActiveCfg = Release|Any CPU
		{D09B4F3B-0FC3-4571-8785-149EA7E2C110}.Release|Any CPU.Build.0 = Release|Any CPU
	EndGlobalSection
EndGlobal
